// !$*UTF8*$!
{
	archiveVersion = 1;
	classes = {
	};
	objectVersion = 50;
	objects = {

/* Begin PBXBuildFile section */
		BE966A2B21D26713004B87E3 /* AppDelegate.swift in Sources */ = {isa = PBXBuildFile; fileRef = BE966A2A21D26713004B87E3 /* AppDelegate.swift */; };
		BE966A2D21D26713004B87E3 /* ViewController.swift in Sources */ = {isa = PBXBuildFile; fileRef = BE966A2C21D26713004B87E3 /* ViewController.swift */; };
		BE966A3021D26713004B87E3 /* Main.storyboard in Resources */ = {isa = PBXBuildFile; fileRef = BE966A2E21D26713004B87E3 /* Main.storyboard */; };
		BE966A3221D26714004B87E3 /* Assets.xcassets in Resources */ = {isa = PBXBuildFile; fileRef = BE966A3121D26714004B87E3 /* Assets.xcassets */; };
		BE966A3521D26714004B87E3 /* LaunchScreen.storyboard in Resources */ = {isa = PBXBuildFile; fileRef = BE966A3321D26714004B87E3 /* LaunchScreen.storyboard */; };
		BE966A3E21D267C4004B87E3 /* PSCodeView.swift in Sources */ = {isa = PBXBuildFile; fileRef = BE966A3D21D267C4004B87E3 /* PSCodeView.swift */; };
/* End PBXBuildFile section */

/* Begin PBXFileReference section */
		BE966A2721D26712004B87E3 /* PSCodeView.app */ = {isa = PBXFileReference; explicitFileType = wrapper.application; includeInIndex = 0; path = PSCodeView.app; sourceTree = BUILT_PRODUCTS_DIR; };
		BE966A2A21D26713004B87E3 /* AppDelegate.swift */ = {isa = PBXFileReference; lastKnownFileType = sourcecode.swift; path = AppDelegate.swift; sourceTree = "<group>"; };
		BE966A2C21D26713004B87E3 /* ViewController.swift */ = {isa = PBXFileReference; lastKnownFileType = sourcecode.swift; path = ViewController.swift; sourceTree = "<group>"; };
		BE966A2F21D26713004B87E3 /* Base */ = {isa = PBXFileReference; lastKnownFileType = file.storyboard; name = Base; path = Base.lproj/Main.storyboard; sourceTree = "<group>"; };
		BE966A3121D26714004B87E3 /* Assets.xcassets */ = {isa = PBXFileReference; lastKnownFileType = folder.assetcatalog; path = Assets.xcassets; sourceTree = "<group>"; };
		BE966A3421D26714004B87E3 /* Base */ = {isa = PBXFileReference; lastKnownFileType = file.storyboard; name = Base; path = Base.lproj/LaunchScreen.storyboard; sourceTree = "<group>"; };
		BE966A3621D26714004B87E3 /* Info.plist */ = {isa = PBXFileReference; lastKnownFileType = text.plist.xml; path = Info.plist; sourceTree = "<group>"; };
		BE966A3D21D267C4004B87E3 /* PSCodeView.swift */ = {isa = PBXFileReference; lastKnownFileType = sourcecode.swift; path = PSCodeView.swift; sourceTree = "<group>"; };
/* End PBXFileReference section */

/* Begin PBXFrameworksBuildPhase section */
		BE966A2421D26712004B87E3 /* Frameworks */ = {
			isa = PBXFrameworksBuildPhase;
			buildActionMask = 2147483647;
			files = (
			);
			runOnlyForDeploymentPostprocessing = 0;
		};
/* End PBXFrameworksBuildPhase section */

/* Begin PBXGroup section */
		BE966A1E21D26712004B87E3 = {
			isa = PBXGroup;
			children = (
				BE966A3C21D267A7004B87E3 /* Source */,
				BE966A2921D26713004B87E3 /* PSCodeView */,
				BE966A2821D26712004B87E3 /* Products */,
			);
			sourceTree = "<group>";
		};
		BE966A2821D26712004B87E3 /* Products */ = {
			isa = PBXGroup;
			children = (
				BE966A2721D26712004B87E3 /* PSCodeView.app */,
			);
			name = Products;
			sourceTree = "<group>";
		};
		BE966A2921D26713004B87E3 /* PSCodeView */ = {
			isa = PBXGroup;
			children = (
				BE966A2A21D26713004B87E3 /* AppDelegate.swift */,
				BE966A2C21D26713004B87E3 /* ViewController.swift */,
				BE966A2E21D26713004B87E3 /* Main.storyboard */,
				BE966A3121D26714004B87E3 /* Assets.xcassets */,
				BE966A3321D26714004B87E3 /* LaunchScreen.storyboard */,
				BE966A3621D26714004B87E3 /* Info.plist */,
			);
			path = PSCodeView;
			sourceTree = "<group>";
		};
		BE966A3C21D267A7004B87E3 /* Source */ = {
			isa = PBXGroup;
			children = (
				BE966A3D21D267C4004B87E3 /* PSCodeView.swift */,
			);
			path = Source;
			sourceTree = "<group>";
		};
/* End PBXGroup section */

/* Begin PBXNativeTarget section */
		BE966A2621D26712004B87E3 /* PSCodeView */ = {
			isa = PBXNativeTarget;
			buildConfigurationList = BE966A3921D26714004B87E3 /* Build configuration list for PBXNativeTarget "PSCodeView" */;
			buildPhases = (
				BE966A2321D26712004B87E3 /* Sources */,
				BE966A2421D26712004B87E3 /* Frameworks */,
				BE966A2521D26712004B87E3 /* Resources */,
			);
			buildRules = (
			);
			dependencies = (
			);
			name = PSCodeView;
			productName = PSCodeView;
			productReference = BE966A2721D26712004B87E3 /* PSCodeView.app */;
			productType = "com.apple.product-type.application";
		};
/* End PBXNativeTarget section */

/* Begin PBXProject section */
		BE966A1F21D26712004B87E3 /* Project object */ = {
			isa = PBXProject;
			attributes = {
				LastSwiftUpdateCheck = 1010;
				LastUpgradeCheck = 1010;
				ORGANIZATIONNAME = Pacts;
				TargetAttributes = {
					BE966A2621D26712004B87E3 = {
						CreatedOnToolsVersion = 10.1;
					};
				};
			};
			buildConfigurationList = BE966A2221D26712004B87E3 /* Build configuration list for PBXProject "PSCodeView" */;
			compatibilityVersion = "Xcode 9.3";
			developmentRegion = en;
			hasScannedForEncodings = 0;
			knownRegions = (
				en,
				Base,
			);
			mainGroup = BE966A1E21D26712004B87E3;
			productRefGroup = BE966A2821D26712004B87E3 /* Products */;
			projectDirPath = "";
			projectRoot = "";
			targets = (
				BE966A2621D26712004B87E3 /* PSCodeView */,
			);
		};
/* End PBXProject section */

/* Begin PBXResourcesBuildPhase section */
		BE966A2521D26712004B87E3 /* Resources */ = {
			isa = PBXResourcesBuildPhase;
			buildActionMask = 2147483647;
			files = (
				BE966A3521D26714004B87E3 /* LaunchScreen.storyboard in Resources */,
				BE966A3221D26714004B87E3 /* Assets.xcassets in Resources */,
				BE966A3021D26713004B87E3 /* Main.storyboard in Resources */,
			);
			runOnlyForDeploymentPostprocessing = 0;
		};
/* End PBXResourcesBuildPhase section */

/* Begin PBXSourcesBuildPhase section */
		BE966A2321D26712004B87E3 /* Sources */ = {
			isa = PBXSourcesBuildPhase;
			buildActionMask = 2147483647;
			files = (
				BE966A3E21D267C4004B87E3 /* PSCodeView.swift in Sources */,
				BE966A2D21D26713004B87E3 /* ViewController.swift in Sources */,
				BE966A2B21D26713004B87E3 /* AppDelegate.swift in Sources */,
			);
			runOnlyForDeploymentPostprocessing = 0;
		};
/* End PBXSourcesBuildPhase section */

/* Begin PBXVariantGroup section */
		BE966A2E21D26713004B87E3 /* Main.storyboard */ = {
			isa = PBXVariantGroup;
			children = (
				BE966A2F21D26713004B87E3 /* Base */,
			);
			name = Main.storyboard;
			sourceTree = "<group>";
		};
		BE966A3321D26714004B87E3 /* LaunchScreen.storyboard */ = {
			isa = PBXVariantGroup;
			children = (
				BE966A3421D26714004B87E3 /* Base */,
			);
			name = LaunchScreen.storyboard;
			sourceTree = "<group>";
		};
/* End PBXVariantGroup section */

/* Begin XCBuildConfiguration section */
		BE966A3721D26714004B87E3 /* Debug */ = {
			isa = XCBuildConfiguration;
			buildSettings = {
				ALWAYS_SEARCH_USER_PATHS = NO;
				CLANG_ANALYZER_NONNULL = YES;
				CLANG_ANALYZER_NUMBER_OBJECT_CONVERSION = YES_AGGRESSIVE;
				CLANG_CXX_LANGUAGE_STANDARD = "gnu++14";
				CLANG_CXX_LIBRARY = "libc++";
				CLANG_ENABLE_MODULES = YES;
				CLANG_ENABLE_OBJC_ARC = YES;
				CLANG_ENABLE_OBJC_WEAK = YES;
				CLANG_WARN_BLOCK_CAPTURE_AUTORELEASING = YES;
				CLANG_WARN_BOOL_CONVERSION = YES;
				CLANG_WARN_COMMA = YES;
				CLANG_WARN_CONSTANT_CONVERSION = YES;
				CLANG_WARN_DEPRECATED_OBJC_IMPLEMENTATIONS = YES;
				CLANG_WARN_DIRECT_OBJC_ISA_USAGE = YES_ERROR;
				CLANG_WARN_DOCUMENTATION_COMMENTS = YES;
				CLANG_WARN_EMPTY_BODY = YES;
				CLANG_WARN_ENUM_CONVERSION = YES;
				CLANG_WARN_INFINITE_RECURSION = YES;
				CLANG_WARN_INT_CONVERSION = YES;
				CLANG_WARN_NON_LITERAL_NULL_CONVERSION = YES;
				CLANG_WARN_OBJC_IMPLICIT_RETAIN_SELF = YES;
				CLANG_WARN_OBJC_LITERAL_CONVERSION = YES;
				CLANG_WARN_OBJC_ROOT_CLASS = YES_ERROR;
				CLANG_WARN_RANGE_LOOP_ANALYSIS = YES;
				CLANG_WARN_STRICT_PROTOTYPES = YES;
				CLANG_WARN_SUSPICIOUS_MOVE = YES;
				CLANG_WARN_UNGUARDED_AVAILABILITY = YES_AGGRESSIVE;
				CLANG_WARN_UNREACHABLE_CODE = YES;
				CLANG_WARN__DUPLICATE_METHOD_MATCH = YES;
				CODE_SIGN_IDENTITY = "iPhone Developer";
				COPY_PHASE_STRIP = NO;
				DEBUG_INFORMATION_FORMAT = dwarf;
				ENABLE_STRICT_OBJC_MSGSEND = YES;
				ENABLE_TESTABILITY = YES;
				GCC_C_LANGUAGE_STANDARD = gnu11;
				GCC_DYNAMIC_NO_PIC = NO;
				GCC_NO_COMMON_BLOCKS = YES;
				GCC_OPTIMIZATION_LEVEL = 0;
				GCC_PREPROCESSOR_DEFINITIONS = (
					"DEBUG=1",
					"$(inherited)",
				);
				GCC_WARN_64_TO_32_BIT_CONVERSION = YES;
				GCC_WARN_ABOUT_RETURN_TYPE = YES_ERROR;
				GCC_WARN_UNDECLARED_SELECTOR = YES;
				GCC_WARN_UNINITIALIZED_AUTOS = YES_AGGRESSIVE;
				GCC_WARN_UNUSED_FUNCTION = YES;
				GCC_WARN_UNUSED_VARIABLE = YES;
				IPHONEOS_DEPLOYMENT_TARGET = 12.1;
				MTL_ENABLE_DEBUG_INFO = INCLUDE_SOURCE;
				MTL_FAST_MATH = YES;
				ONLY_ACTIVE_ARCH = YES;
				SDKROOT = iphoneos;
				SWIFT_ACTIVE_COMPILATION_CONDITIONS = DEBUG;
				SWIFT_OPTIMIZATION_LEVEL = "-Onone";
			};
			name = Debug;
		};
		BE966A3821D26714004B87E3 /* Release */ = {
			isa = XCBuildConfiguration;
			buildSettings = {
				ALWAYS_SEARCH_USER_PATHS = NO;
				CLANG_ANALYZER_NONNULL = YES;
				CLANG_ANALYZER_NUMBER_OBJECT_CONVERSION = YES_AGGRESSIVE;
				CLANG_CXX_LANGUAGE_STANDARD = "gnu++14";
				CLANG_CXX_LIBRARY = "libc++";
				CLANG_ENABLE_MODULES = YES;
				CLANG_ENABLE_OBJC_ARC = YES;
				CLANG_ENABLE_OBJC_WEAK = YES;
				CLANG_WARN_BLOCK_CAPTURE_AUTORELEASING = YES;
				CLANG_WARN_BOOL_CONVERSION = YES;
				CLANG_WARN_COMMA = YES;
				CLANG_WARN_CONSTANT_CONVERSION = YES;
				CLANG_WARN_DEPRECATED_OBJC_IMPLEMENTATIONS = YES;
				CLANG_WARN_DIRECT_OBJC_ISA_USAGE = YES_ERROR;
				CLANG_WARN_DOCUMENTATION_COMMENTS = YES;
				CLANG_WARN_EMPTY_BODY = YES;
				CLANG_WARN_ENUM_CONVERSION = YES;
				CLANG_WARN_INFINITE_RECURSION = YES;
				CLANG_WARN_INT_CONVERSION = YES;
				CLANG_WARN_NON_LITERAL_NULL_CONVERSION = YES;
				CLANG_WARN_OBJC_IMPLICIT_RETAIN_SELF = YES;
				CLANG_WARN_OBJC_LITERAL_CONVERSION = YES;
				CLANG_WARN_OBJC_ROOT_CLASS = YES_ERROR;
				CLANG_WARN_RANGE_LOOP_ANALYSIS = YES;
				CLANG_WARN_STRICT_PROTOTYPES = YES;
				CLANG_WARN_SUSPICIOUS_MOVE = YES;
				CLANG_WARN_UNGUARDED_AVAILABILITY = YES_AGGRESSIVE;
				CLANG_WARN_UNREACHABLE_CODE = YES;
				CLANG_WARN__DUPLICATE_METHOD_MATCH = YES;
				CODE_SIGN_IDENTITY = "iPhone Developer";
				COPY_PHASE_STRIP = NO;
				DEBUG_INFORMATION_FORMAT = "dwarf-with-dsym";
				ENABLE_NS_ASSERTIONS = NO;
				ENABLE_STRICT_OBJC_MSGSEND = YES;
				GCC_C_LANGUAGE_STANDARD = gnu11;
				GCC_NO_COMMON_BLOCKS = YES;
				GCC_WARN_64_TO_32_BIT_CONVERSION = YES;
				GCC_WARN_ABOUT_RETURN_TYPE = YES_ERROR;
				GCC_WARN_UNDECLARED_SELECTOR = YES;
				GCC_WARN_UNINITIALIZED_AUTOS = YES_AGGRESSIVE;
				GCC_WARN_UNUSED_FUNCTION = YES;
				GCC_WARN_UNUSED_VARIABLE = YES;
				IPHONEOS_DEPLOYMENT_TARGET = 12.1;
				MTL_ENABLE_DEBUG_INFO = NO;
				MTL_FAST_MATH = YES;
				SDKROOT = iphoneos;
				SWIFT_COMPILATION_MODE = wholemodule;
				SWIFT_OPTIMIZATION_LEVEL = "-O";
				VALIDATE_PRODUCT = YES;
			};
			name = Release;
		};
		BE966A3A21D26714004B87E3 /* Debug */ = {
			isa = XCBuildConfiguration;
			buildSettings = {
				ASSETCATALOG_COMPILER_APPICON_NAME = AppIcon;
				CODE_SIGN_STYLE = Automatic;
				DEVELOPMENT_TEAM = AUM8VFUW42;
				INFOPLIST_FILE = PSCodeView/Info.plist;
				LD_RUNPATH_SEARCH_PATHS = (
					"$(inherited)",
					"@executable_path/Frameworks",
				);
				PRODUCT_BUNDLE_IDENTIFIER = Pacts.PSCodeView;
				PRODUCT_NAME = "$(TARGET_NAME)";
				SWIFT_VERSION = 4.2;
				TARGETED_DEVICE_FAMILY = "1,2";
			};
			name = Debug;
		};
		BE966A3B21D26714004B87E3 /* Release */ = {
			isa = XCBuildConfiguration;
			buildSettings = {
				ASSETCATALOG_COMPILER_APPICON_NAME = AppIcon;
				CODE_SIGN_STYLE = Automatic;
				DEVELOPMENT_TEAM = AUM8VFUW42;
				INFOPLIST_FILE = PSCodeView/Info.plist;
				LD_RUNPATH_SEARCH_PATHS = (
					"$(inherited)",
					"@executable_path/Frameworks",
				);
				PRODUCT_BUNDLE_IDENTIFIER = Pacts.PSCodeView;
				PRODUCT_NAME = "$(TARGET_NAME)";
				SWIFT_VERSION = 4.2;
				TARGETED_DEVICE_FAMILY = "1,2";
			};
			name = Release;
		};
/* End XCBuildConfiguration section */

/* Begin XCConfigurationList section */
		BE966A2221D26712004B87E3 /* Build configuration list for PBXProject "PSCodeView" */ = {
			isa = XCConfigurationList;
			buildConfigurations = (
				BE966A3721D26714004B87E3 /* Debug */,
				BE966A3821D26714004B87E3 /* Release */,
			);
			defaultConfigurationIsVisible = 0;
			defaultConfigurationName = Release;
		};
		BE966A3921D26714004B87E3 /* Build configuration list for PBXNativeTarget "PSCodeView" */ = {
			isa = XCConfigurationList;
			buildConfigurations = (
				BE966A3A21D26714004B87E3 /* Debug */,
				BE966A3B21D26714004B87E3 /* Release */,
			);
			defaultConfigurationIsVisible = 0;
			defaultConfigurationName = Release;
		};
/* End XCConfigurationList section */
	};
	rootObject = BE966A1F21D26712004B87E3 /* Project object */;
}
